
Microsoft Visual Studio Solution File, Format Version 12.00
# Visual Studio Version 16
VisualStudioVersion = 16.0.30611.23
MinimumVisualStudioVersion = 10.0.40219.1
Project("{9A19103F-16F7-4668-BE54-9A1E7A4F7556}") = "Modul01_HelloWPF", "HelloWPF\Modul01_HelloWPF.csproj", "{E6D4B5B3-ACA4-484D-BFCE-41E0F2393861}"
EndProject
Project("{9A19103F-16F7-4668-BE54-9A1E7A4F7556}") = "Modul02_Controls", "Controls\Modul02_Controls.csproj", "{ABB5DCDA-E090-4F01-B363-9EF3A8B04A86}"
EndProject
Project("{9A19103F-16F7-4668-BE54-9A1E7A4F7556}") = "Modul03.1_Container", "Container\Modul03.1_Container.csproj", "{F3DD911B-5470-4093-BB71-F7943701D17C}"
EndProject
Project("{9A19103F-16F7-4668-BE54-9A1E7A4F7556}") = "Modul03.2_TextBoxUebung", "TextBoxUebung\Modul03.2_TextBoxUebung.csproj", "{DE460087-6A50-43EE-9EEF-6094921DC81A}"
EndProject
Project("{9A19103F-16F7-4668-BE54-9A1E7A4F7556}") = "Personendatenbank (vgl. MVVM)", "Personendatenbank\Personendatenbank (vgl. MVVM).csproj", "{C59EAE49-B570-4850-B92D-D1041AEB210B}"
EndProject
Project("{9A19103F-16F7-4668-BE54-9A1E7A4F7556}") = "Modul04_EventRouting", "EventRouting\Modul04_EventRouting.csproj", "{52633494-BD92-4DF4-875C-AA589D5136B6}"
EndProject
Project("{9A19103F-16F7-4668-BE54-9A1E7A4F7556}") = "Modul05_Ressourcen", "Ressourcen\Modul05_Ressourcen.csproj", "{B16DC0FB-8BD7-4EE7-A04C-B11464B0708E}"
EndProject
Project("{9A19103F-16F7-4668-BE54-9A1E7A4F7556}") = "Modul06.1_Binding", "Binding\Modul06.1_Binding.csproj", "{FD14990C-910E-4A40-A872-196688031D1C}"
EndProject
Project("{9A19103F-16F7-4668-BE54-9A1E7A4F7556}") = "Modul06.2_ValueConverter", "ValueConverter\Modul06.2_ValueConverter.csproj", "{3B6641C2-39AA-4F7D-8365-C20A891D9303}"
EndProject
Project("{9A19103F-16F7-4668-BE54-9A1E7A4F7556}") = "Modul07_Styles", "Styles\Modul07_Styles.csproj", "{BDCC0357-D0BA-459B-8325-68330EE68B65}"
EndProject
Project("{9A19103F-16F7-4668-BE54-9A1E7A4F7556}") = "Modul08_Templates", "Templates\Modul08_Templates.csproj", "{0497CCD5-B14B-44FA-98C9-0B81CB2A3354}"
EndProject
Project("{9A19103F-16F7-4668-BE54-9A1E7A4F7556}") = "Modul09_Validation", "Validation\Modul09_Validation.csproj", "{B51B8C73-5BB7-4CC7-BC53-01A349F49F2F}"
EndProject
Project("{9A19103F-16F7-4668-BE54-9A1E7A4F7556}") = "Modul10_RelativeSources", "RelativeSources\Modul10_RelativeSources.csproj", "{3121E419-044E-4AB7-B524-703AF0FB93F4}"
EndProject
Project("{9A19103F-16F7-4668-BE54-9A1E7A4F7556}") = "Modul11_Trigger", "Trigger\Modul11_Trigger.csproj", "{3BE50C0C-D8F9-4CB6-B4BF-C2058059ECDB}"
EndProject
Project("{9A19103F-16F7-4668-BE54-9A1E7A4F7556}") = "Modul12_MyUserControls", "MyUserControls\Modul12_MyUserControls.csproj", "{18883EFF-BF34-46B1-B456-910E05D399AF}"
EndProject
Project("{9A19103F-16F7-4668-BE54-9A1E7A4F7556}") = "Modul14_Localisation", "Localisation\Modul14_Localisation.csproj", "{552FF89F-CCA9-4308-BFB9-C1576C0971C9}"
EndProject
Project("{9A19103F-16F7-4668-BE54-9A1E7A4F7556}") = "Modul15_Animations", "Animations\Modul15_Animations.csproj", "{A3AE55F0-B3DD-4852-B1FF-55766AB14BD5}"
EndProject
Project("{FAE04EC0-301F-11D3-BF4B-00C04F79EFBC}") = "Modul13_Commands", "Commands\Modul13_Commands.csproj", "{C03F9E11-2A55-4F2F-A477-4F4B33D2C863}"
EndProject
Project("{FAE04EC0-301F-11D3-BF4B-00C04F79EFBC}") = "MVVM_Personendatenbank", "MVVM_Personendatenbank\MVVM_Personendatenbank.csproj", "{414DC16B-8CEE-43A4-BA3F-793D12DA006F}"
EndProject
Project("{FAE04EC0-301F-11D3-BF4B-00C04F79EFBC}") = "BlendTest", "BlendTest\BlendTest.csproj", "{A05C705D-B838-41FC-9D65-53371043EB0A}"
EndProject
Global
	GlobalSection(SolutionConfigurationPlatforms) = preSolution
		Debug|Any CPU = Debug|Any CPU
		Release|Any CPU = Release|Any CPU
	EndGlobalSection
	GlobalSection(ProjectConfigurationPlatforms) = postSolution
		{E6D4B5B3-ACA4-484D-BFCE-41E0F2393861}.Debug|Any CPU.ActiveCfg = Debug|Any CPU
		{E6D4B5B3-ACA4-484D-BFCE-41E0F2393861}.Debug|Any CPU.Build.0 = Debug|Any CPU
		{E6D4B5B3-ACA4-484D-BFCE-41E0F2393861}.Release|Any CPU.ActiveCfg = Release|Any CPU
		{E6D4B5B3-ACA4-484D-BFCE-41E0F2393861}.Release|Any CPU.Build.0 = Release|Any CPU
		{ABB5DCDA-E090-4F01-B363-9EF3A8B04A86}.Debug|Any CPU.ActiveCfg = Debug|Any CPU
		{ABB5DCDA-E090-4F01-B363-9EF3A8B04A86}.Debug|Any CPU.Build.0 = Debug|Any CPU
		{ABB5DCDA-E090-4F01-B363-9EF3A8B04A86}.Release|Any CPU.ActiveCfg = Release|Any CPU
		{ABB5DCDA-E090-4F01-B363-9EF3A8B04A86}.Release|Any CPU.Build.0 = Release|Any CPU
		{F3DD911B-5470-4093-BB71-F7943701D17C}.Debug|Any CPU.ActiveCfg = Debug|Any CPU
		{F3DD911B-5470-4093-BB71-F7943701D17C}.Debug|Any CPU.Build.0 = Debug|Any CPU
		{F3DD911B-5470-4093-BB71-F7943701D17C}.Release|Any CPU.ActiveCfg = Release|Any CPU
		{F3DD911B-5470-4093-BB71-F7943701D17C}.Release|Any CPU.Build.0 = Release|Any CPU
		{DE460087-6A50-43EE-9EEF-6094921DC81A}.Debug|Any CPU.ActiveCfg = Debug|Any CPU
		{DE460087-6A50-43EE-9EEF-6094921DC81A}.Debug|Any CPU.Build.0 = Debug|Any CPU
		{DE460087-6A50-43EE-9EEF-6094921DC81A}.Release|Any CPU.ActiveCfg = Release|Any CPU
		{DE460087-6A50-43EE-9EEF-6094921DC81A}.Release|Any CPU.Build.0 = Release|Any CPU
		{C59EAE49-B570-4850-B92D-D1041AEB210B}.Debug|Any CPU.ActiveCfg = Debug|Any CPU
		{C59EAE49-B570-4850-B92D-D1041AEB210B}.Debug|Any CPU.Build.0 = Debug|Any CPU
		{C59EAE49-B570-4850-B92D-D1041AEB210B}.Release|Any CPU.ActiveCfg = Release|Any CPU
		{C59EAE49-B570-4850-B92D-D1041AEB210B}.Release|Any CPU.Build.0 = Release|Any CPU
		{52633494-BD92-4DF4-875C-AA589D5136B6}.Debug|Any CPU.ActiveCfg = Debug|Any CPU
		{52633494-BD92-4DF4-875C-AA589D5136B6}.Debug|Any CPU.Build.0 = Debug|Any CPU
		{52633494-BD92-4DF4-875C-AA589D5136B6}.Release|Any CPU.ActiveCfg = Release|Any CPU
		{52633494-BD92-4DF4-875C-AA589D5136B6}.Release|Any CPU.Build.0 = Release|Any CPU
		{B16DC0FB-8BD7-4EE7-A04C-B11464B0708E}.Debug|Any CPU.ActiveCfg = Debug|Any CPU
		{B16DC0FB-8BD7-4EE7-A04C-B11464B0708E}.Debug|Any CPU.Build.0 = Debug|Any CPU
		{B16DC0FB-8BD7-4EE7-A04C-B11464B0708E}.Release|Any CPU.ActiveCfg = Release|Any CPU
		{B16DC0FB-8BD7-4EE7-A04C-B11464B0708E}.Release|Any CPU.Build.0 = Release|Any CPU
		{FD14990C-910E-4A40-A872-196688031D1C}.Debug|Any CPU.ActiveCfg = Debug|Any CPU
		{FD14990C-910E-4A40-A872-196688031D1C}.Debug|Any CPU.Build.0 = Debug|Any CPU
		{FD14990C-910E-4A40-A872-196688031D1C}.Release|Any CPU.ActiveCfg = Release|Any CPU
		{FD14990C-910E-4A40-A872-196688031D1C}.Release|Any CPU.Build.0 = Release|Any CPU
		{3B6641C2-39AA-4F7D-8365-C20A891D9303}.Debug|Any CPU.ActiveCfg = Debug|Any CPU
		{3B6641C2-39AA-4F7D-8365-C20A891D9303}.Debug|Any CPU.Build.0 = Debug|Any CPU
		{3B6641C2-39AA-4F7D-8365-C20A891D9303}.Release|Any CPU.ActiveCfg = Release|Any CPU
		{3B6641C2-39AA-4F7D-8365-C20A891D9303}.Release|Any CPU.Build.0 = Release|Any CPU
		{BDCC0357-D0BA-459B-8325-68330EE68B65}.Debug|Any CPU.ActiveCfg = Debug|Any CPU
		{BDCC0357-D0BA-459B-8325-68330EE68B65}.Debug|Any CPU.Build.0 = Debug|Any CPU
		{BDCC0357-D0BA-459B-8325-68330EE68B65}.Release|Any CPU.ActiveCfg = Release|Any CPU
		{BDCC0357-D0BA-459B-8325-68330EE68B65}.Release|Any CPU.Build.0 = Release|Any CPU
		{0497CCD5-B14B-44FA-98C9-0B81CB2A3354}.Debug|Any CPU.ActiveCfg = Debug|Any CPU
		{0497CCD5-B14B-44FA-98C9-0B81CB2A3354}.Debug|Any CPU.Build.0 = Debug|Any CPU
		{0497CCD5-B14B-44FA-98C9-0B81CB2A3354}.Release|Any CPU.ActiveCfg = Release|Any CPU
		{0497CCD5-B14B-44FA-98C9-0B81CB2A3354}.Release|Any CPU.Build.0 = Release|Any CPU
		{B51B8C73-5BB7-4CC7-BC53-01A349F49F2F}.Debug|Any CPU.ActiveCfg = Debug|Any CPU
		{B51B8C73-5BB7-4CC7-BC53-01A349F49F2F}.Debug|Any CPU.Build.0 = Debug|Any CPU
		{B51B8C73-5BB7-4CC7-BC53-01A349F49F2F}.Release|Any CPU.ActiveCfg = Release|Any CPU
		{B51B8C73-5BB7-4CC7-BC53-01A349F49F2F}.Release|Any CPU.Build.0 = Release|Any CPU
		{3121E419-044E-4AB7-B524-703AF0FB93F4}.Debug|Any CPU.ActiveCfg = Debug|Any CPU
		{3121E419-044E-4AB7-B524-703AF0FB93F4}.Debug|Any CPU.Build.0 = Debug|Any CPU
		{3121E419-044E-4AB7-B524-703AF0FB93F4}.Release|Any CPU.ActiveCfg = Release|Any CPU
		{3121E419-044E-4AB7-B524-703AF0FB93F4}.Release|Any CPU.Build.0 = Release|Any CPU
		{3BE50C0C-D8F9-4CB6-B4BF-C2058059ECDB}.Debug|Any CPU.ActiveCfg = Debug|Any CPU
		{3BE50C0C-D8F9-4CB6-B4BF-C2058059ECDB}.Debug|Any CPU.Build.0 = Debug|Any CPU
		{3BE50C0C-D8F9-4CB6-B4BF-C2058059ECDB}.Release|Any CPU.ActiveCfg = Release|Any CPU
		{3BE50C0C-D8F9-4CB6-B4BF-C2058059ECDB}.Release|Any CPU.Build.0 = Release|Any CPU
		{18883EFF-BF34-46B1-B456-910E05D399AF}.Debug|Any CPU.ActiveCfg = Debug|Any CPU
		{18883EFF-BF34-46B1-B456-910E05D399AF}.Debug|Any CPU.Build.0 = Debug|Any CPU
		{18883EFF-BF34-46B1-B456-910E05D399AF}.Release|Any CPU.ActiveCfg = Release|Any CPU
		{18883EFF-BF34-46B1-B456-910E05D399AF}.Release|Any CPU.Build.0 = Release|Any CPU
		{552FF89F-CCA9-4308-BFB9-C1576C0971C9}.Debug|Any CPU.ActiveCfg = Debug|Any CPU
		{552FF89F-CCA9-4308-BFB9-C1576C0971C9}.Debug|Any CPU.Build.0 = Debug|Any CPU
		{552FF89F-CCA9-4308-BFB9-C1576C0971C9}.Release|Any CPU.ActiveCfg = Release|Any CPU
		{552FF89F-CCA9-4308-BFB9-C1576C0971C9}.Release|Any CPU.Build.0 = Release|Any CPU
		{A3AE55F0-B3DD-4852-B1FF-55766AB14BD5}.Debug|Any CPU.ActiveCfg = Debug|Any CPU
		{A3AE55F0-B3DD-4852-B1FF-55766AB14BD5}.Debug|Any CPU.Build.0 = Debug|Any CPU
		{A3AE55F0-B3DD-4852-B1FF-55766AB14BD5}.Release|Any CPU.ActiveCfg = Release|Any CPU
		{A3AE55F0-B3DD-4852-B1FF-55766AB14BD5}.Release|Any CPU.Build.0 = Release|Any CPU
		{C03F9E11-2A55-4F2F-A477-4F4B33D2C863}.Debug|Any CPU.ActiveCfg = Debug|Any CPU
		{C03F9E11-2A55-4F2F-A477-4F4B33D2C863}.Debug|Any CPU.Build.0 = Debug|Any CPU
		{C03F9E11-2A55-4F2F-A477-4F4B33D2C863}.Release|Any CPU.ActiveCfg = Release|Any CPU
		{C03F9E11-2A55-4F2F-A477-4F4B33D2C863}.Release|Any CPU.Build.0 = Release|Any CPU
		{414DC16B-8CEE-43A4-BA3F-793D12DA006F}.Debug|Any CPU.ActiveCfg = Debug|Any CPU
		{414DC16B-8CEE-43A4-BA3F-793D12DA006F}.Debug|Any CPU.Build.0 = Debug|Any CPU
		{414DC16B-8CEE-43A4-BA3F-793D12DA006F}.Release|Any CPU.ActiveCfg = Release|Any CPU
		{414DC16B-8CEE-43A4-BA3F-793D12DA006F}.Release|Any CPU.Build.0 = Release|Any CPU
		{A05C705D-B838-41FC-9D65-53371043EB0A}.Debug|Any CPU.ActiveCfg = Debug|Any CPU
		{A05C705D-B838-41FC-9D65-53371043EB0A}.Debug|Any CPU.Build.0 = Debug|Any CPU
		{A05C705D-B838-41FC-9D65-53371043EB0A}.Release|Any CPU.ActiveCfg = Release|Any CPU
		{A05C705D-B838-41FC-9D65-53371043EB0A}.Release|Any CPU.Build.0 = Release|Any CPU
	EndGlobalSection
	GlobalSection(SolutionProperties) = preSolution
		HideSolutionNode = FALSE
	EndGlobalSection
	GlobalSection(ExtensibilityGlobals) = postSolution
		SolutionGuid = {E14703E6-0413-487F-85EB-F35A1AE0A894}
	EndGlobalSection
EndGlobal
